
Microsoft Visual Studio Solution File, Format Version 12.00
# Visual Studio Version 16
VisualStudioVersion = 16.0.29806.167
MinimumVisualStudioVersion = 10.0.40219.1
Project("{FAE04EC0-301F-11D3-BF4B-00C04F79EFBC}") = "NUnitTest", "NUnitTest\NUnitTest.csproj", "{C2D50B6C-7391-4D34-B935-AA847A76296F}"
EndProject
Global
	GlobalSection(SolutionConfigurationPlatforms) = preSolution
		Debug|Any CPU = Debug|Any CPU
		Release|Any CPU = Release|Any CPU
	EndGlobalSection
	GlobalSection(ProjectConfigurationPlatforms) = postSolution
		{C2D50B6C-7391-4D34-B935-AA847A76296F}.Debug|Any CPU.ActiveCfg = Debug|Any CPU
		{C2D50B6C-7391-4D34-B935-AA847A76296F}.Debug|Any CPU.Build.0 = Debug|Any CPU
		{C2D50B6C-7391-4D34-B935-AA847A76296F}.Release|Any CPU.ActiveCfg = Release|Any CPU
		{C2D50B6C-7391-4D34-B935-AA847A76296F}.Release|Any CPU.Build.0 = Release|Any CPU
	EndGlobalSection
	GlobalSection(SolutionProperties) = preSolution
		HideSolutionNode = FALSE
	EndGlobalSection
	GlobalSection(ExtensibilityGlobals) = postSolution
		SolutionGuid = {B3D81DFC-A9A8-4CC0-A986-1BAD50A14CF1}
	EndGlobalSection
EndGlobal
